
Microsoft Visual Studio Solution File, Format Version 12.00
# Visual Studio Version 17
VisualStudioVersion = 17.2.32414.248
MinimumVisualStudioVersion = 10.0.40219.1
Project("{FAE04EC0-301F-11D3-BF4B-00C04F79EFBC}") = "LAb14", "LAb14\LAb14.csproj", "{9E4E45A5-6C8C-4F62-9A3E-9AC4ACCD5EAE}"
EndProject
Global
	GlobalSection(SolutionConfigurationPlatforms) = preSolution
		Debug|Any CPU = Debug|Any CPU
		Release|Any CPU = Release|Any CPU
	EndGlobalSection
	GlobalSection(ProjectConfigurationPlatforms) = postSolution
		{9E4E45A5-6C8C-4F62-9A3E-9AC4ACCD5EAE}.Debug|Any CPU.ActiveCfg = Debug|Any CPU
		{9E4E45A5-6C8C-4F62-9A3E-9AC4ACCD5EAE}.Debug|Any CPU.Build.0 = Debug|Any CPU
		{9E4E45A5-6C8C-4F62-9A3E-9AC4ACCD5EAE}.Release|Any CPU.ActiveCfg = Release|Any CPU
		{9E4E45A5-6C8C-4F62-9A3E-9AC4ACCD5EAE}.Release|Any CPU.Build.0 = Release|Any CPU
	EndGlobalSection
	GlobalSection(SolutionProperties) = preSolution
		HideSolutionNode = FALSE
	EndGlobalSection
	GlobalSection(ExtensibilityGlobals) = postSolution
		SolutionGuid = {A5119D8D-C602-42CC-8058-389D8E673A2D}
	EndGlobalSection
EndGlobal
